# This file is generated by running "yarn install" inside your project.
# Manual changes might be lost - proceed with caution!

__metadata:
  version: 6
  cacheKey: 8

"lottie-ios@npm:4.4.3":
  version: 4.4.3
  resolution: "lottie-ios@npm:4.4.3"
  checksum: 64a3d3d44e84deb9ead7e26805eb4606a90e3703a29a91ea446eda6c0f71568e3fad75ce33e1d57e9ed68d12f16d4dce3ad1e5bee28483e083f2f4c8b0e971b1
  languageName: node
  linkType: hard

"lottie-react-native@npm:6.7.2":
  version: 6.7.2
  resolution: "lottie-react-native@npm:6.7.2"
  peerDependencies:
    "@dotlottie/react-player": ^1.6.1
    "@lottiefiles/react-lottie-player": ^3.5.3
    react: "*"
    react-native: ">=0.46"
    react-native-windows: ">=0.63.x"
  peerDependenciesMeta:
    "@dotlottie/react-player":
      optional: true
    "@lottiefiles/react-lottie-player":
      optional: true
    react-native-windows:
      optional: true
  checksum: 8b14ca10f4f0e75505ee5485b47c31db2146baea1634e66f0d485abb8a44ba2019930239970015cedaad627e306828be977b4797256aa2cc143b476ed31585fa
  languageName: node
  linkType: hard

"react-native-lottie-splash-screen@workspace:.":
  version: 0.0.0-use.local
  resolution: "react-native-lottie-splash-screen@workspace:."
  dependencies:
    lottie-ios: 4.4.3
    lottie-react-native: 6.7.2
  peerDependencies:
    react-native: ">=0.57.0"
  languageName: unknown
  linkType: soft
